PODS:
  - Capacitor (7.2.0):
    - CapacitorCordova
  - CapacitorCommunityBluetoothLe (7.1.1):
    - Capacitor
  - CapacitorCordova (7.2.0)

DEPENDENCIES:
  - "Capacitor (from `../../node_modules/@capacitor/ios`)"
  - "CapacitorCommunityBluetoothLe (from `../../node_modules/@capacitor-community/bluetooth-le`)"
  - "CapacitorCordova (from `../../node_modules/@capacitor/ios`)"

EXTERNAL SOURCES:
  Capacitor:
    :path: "../../node_modules/@capacitor/ios"
  CapacitorCommunityBluetoothLe:
    :path: "../../node_modules/@capacitor-community/bluetooth-le"
  CapacitorCordova:
    :path: "../../node_modules/@capacitor/ios"

SPEC CHECKSUMS:
  Capacitor: 106e7a4205f4618d582b886a975657c61179138d
  CapacitorCommunityBluetoothLe: 72131129102a589c8cebe04e2a8f28d4e328e78c
  CapacitorCordova: 5967b9ba03915ef1d585469d6e31f31dc49be96f

PODFILE CHECKSUM: 76fc7effa5ee8a59363cbeb5754b229c51a9b525

COCOAPODS: 1.15.2
